
Microsoft Visual Studio Solution File, Format Version 12.00
# Visual Studio Version 17
VisualStudioVersion = 17.0.31903.59
MinimumVisualStudioVersion = 10.0.40219.1
Project("{FAE04EC0-301F-11D3-BF4B-00C04F79EFBC}") = "RowTogether", "RowTogether\RowTogether.csproj", "{26E5D195-E221-4582-AA38-2E2E225737D5}"
EndProject
Project("{FAE04EC0-301F-11D3-BF4B-00C04F79EFBC}") = "StackMax", "StackMax\StackMax.csproj", "{C5F7A946-153D-4EDE-9ACF-4026F1128011}"
EndProject
Project("{FAE04EC0-301F-11D3-BF4B-00C04F79EFBC}") = "Uncraft", "Uncraft\Uncraft.csproj", "{229CD362-597C-478B-AB0A-90BCD5A45774}"
EndProject
Project("{FAE04EC0-301F-11D3-BF4B-00C04F79EFBC}") = "ChestCraft", "ChestCraft\ChestCraft.csproj", "{DED84B85-2CE0-44BF-A63B-AED2CC9735F9}"
EndProject
Project("{FAE04EC0-301F-11D3-BF4B-00C04F79EFBC}") = "GearSlots", "GearSlots\GearSlots.csproj", "{1F5CD4B5-AADF-4E70-898A-E022201169AB}"
EndProject
Project("{FAE04EC0-301F-11D3-BF4B-00C04F79EFBC}") = "ChestStack", "ChestStack\ChestStack.csproj", "{DC68ED02-8DC4-4BB3-8DA0-D2D87227B1B6}"
EndProject
Project("{FAE04EC0-301F-11D3-BF4B-00C04F79EFBC}") = "PortalMenu", "PortalMenu\PortalMenu.csproj", "{6CE51347-3974-4333-BDEE-755D98015F05}"
EndProject
Project("{FAE04EC0-301F-11D3-BF4B-00C04F79EFBC}") = "QuickBrew", "QuickBrew\QuickBrew.csproj", "{5CDDDED4-8DBE-45CD-ADB6-170A8B12EE99}"
EndProject
Project("{FAE04EC0-301F-11D3-BF4B-00C04F79EFBC}") = "VoiceChat", "VoiceChat\VoiceChat.csproj", "{D1C05AEE-3CF9-4ADD-800B-EF1C23CE5F21}"
EndProject
Project("{FAE04EC0-301F-11D3-BF4B-00C04F79EFBC}") = "GrowTime", "GrowTime\GrowTime.csproj", "{41400F44-4541-4834-8A36-6BAE799D6EEC}"
EndProject
Project("{FAE04EC0-301F-11D3-BF4B-00C04F79EFBC}") = "BerryFarm", "BerryFarm\BerryFarm.csproj", "{3234121F-5715-49D3-B30C-233AAA8DF706}"
EndProject
Project("{FAE04EC0-301F-11D3-BF4B-00C04F79EFBC}") = "SkillCarry", "SkillCarry\SkillCarry.csproj", "{99DD3E03-7A9F-47FF-9C1A-5BFBD5B785B4}"
EndProject
Project("{FAE04EC0-301F-11D3-BF4B-00C04F79EFBC}") = "FieldPlanter", "FieldPlanter\FieldPlanter.csproj", "{B3487992-B7BF-4134-B44D-A78A2E6E0E49}"
EndProject
Project("{FAE04EC0-301F-11D3-BF4B-00C04F79EFBC}") = "FieldHarvest", "FieldHarvest\FieldHarvest.csproj", "{B25E547D-1765-4CCA-99D7-6F612D1CDECF}"
EndProject
Project("{FAE04EC0-301F-11D3-BF4B-00C04F79EFBC}") = "TeamHealth", "TeamHealth\TeamHealth.csproj", "{E5750EA9-8390-4AC1-87D2-9E42A2BF96E2}"
EndProject
Project("{FAE04EC0-301F-11D3-BF4B-00C04F79EFBC}") = "PartialSleep", "PartialSleep\PartialSleep.csproj", "{AD2C988B-FC78-47DD-B94B-0FF50CACDE49}"
EndProject
Project("{FAE04EC0-301F-11D3-BF4B-00C04F79EFBC}") = "KeepSkills", "KeepSkills\KeepSkills.csproj", "{46B5A5AB-7860-456A-B1FF-7BB275FAFAAF}"
EndProject
Project("{FAE04EC0-301F-11D3-BF4B-00C04F79EFBC}") = "Compass", "Compass\Compass.csproj", "{962D96BD-853D-4B72-8C31-5175FD4D5115}"
EndProject
Global
	GlobalSection(SolutionConfigurationPlatforms) = preSolution
		Debug|Any CPU = Debug|Any CPU
		Debug|x64 = Debug|x64
		Debug|x86 = Debug|x86
		Release|Any CPU = Release|Any CPU
		Release|x64 = Release|x64
		Release|x86 = Release|x86
	EndGlobalSection
	GlobalSection(ProjectConfigurationPlatforms) = postSolution
		{26E5D195-E221-4582-AA38-2E2E225737D5}.Debug|Any CPU.ActiveCfg = Debug|Any CPU
		{26E5D195-E221-4582-AA38-2E2E225737D5}.Debug|Any CPU.Build.0 = Debug|Any CPU
		{26E5D195-E221-4582-AA38-2E2E225737D5}.Debug|x64.ActiveCfg = Debug|Any CPU
		{26E5D195-E221-4582-AA38-2E2E225737D5}.Debug|x64.Build.0 = Debug|Any CPU
		{26E5D195-E221-4582-AA38-2E2E225737D5}.Debug|x86.ActiveCfg = Debug|Any CPU
		{26E5D195-E221-4582-AA38-2E2E225737D5}.Debug|x86.Build.0 = Debug|Any CPU
		{26E5D195-E221-4582-AA38-2E2E225737D5}.Release|Any CPU.ActiveCfg = Release|Any CPU
		{26E5D195-E221-4582-AA38-2E2E225737D5}.Release|Any CPU.Build.0 = Release|Any CPU
		{26E5D195-E221-4582-AA38-2E2E225737D5}.Release|x64.ActiveCfg = Release|Any CPU
		{26E5D195-E221-4582-AA38-2E2E225737D5}.Release|x64.Build.0 = Release|Any CPU
		{26E5D195-E221-4582-AA38-2E2E225737D5}.Release|x86.ActiveCfg = Release|Any CPU
		{26E5D195-E221-4582-AA38-2E2E225737D5}.Release|x86.Build.0 = Release|Any CPU
		{C5F7A946-153D-4EDE-9ACF-4026F1128011}.Debug|Any CPU.ActiveCfg = Debug|Any CPU
		{C5F7A946-153D-4EDE-9ACF-4026F1128011}.Debug|Any CPU.Build.0 = Debug|Any CPU
		{C5F7A946-153D-4EDE-9ACF-4026F1128011}.Debug|x64.ActiveCfg = Debug|Any CPU
		{C5F7A946-153D-4EDE-9ACF-4026F1128011}.Debug|x64.Build.0 = Debug|Any CPU
		{C5F7A946-153D-4EDE-9ACF-4026F1128011}.Debug|x86.ActiveCfg = Debug|Any CPU
		{C5F7A946-153D-4EDE-9ACF-4026F1128011}.Debug|x86.Build.0 = Debug|Any CPU
		{C5F7A946-153D-4EDE-9ACF-4026F1128011}.Release|Any CPU.ActiveCfg = Release|Any CPU
		{C5F7A946-153D-4EDE-9ACF-4026F1128011}.Release|Any CPU.Build.0 = Release|Any CPU
		{C5F7A946-153D-4EDE-9ACF-4026F1128011}.Release|x64.ActiveCfg = Release|Any CPU
		{C5F7A946-153D-4EDE-9ACF-4026F1128011}.Release|x64.Build.0 = Release|Any CPU
		{C5F7A946-153D-4EDE-9ACF-4026F1128011}.Release|x86.ActiveCfg = Release|Any CPU
		{C5F7A946-153D-4EDE-9ACF-4026F1128011}.Release|x86.Build.0 = Release|Any CPU
		{229CD362-597C-478B-AB0A-90BCD5A45774}.Debug|Any CPU.ActiveCfg = Debug|Any CPU
		{229CD362-597C-478B-AB0A-90BCD5A45774}.Debug|Any CPU.Build.0 = Debug|Any CPU
		{229CD362-597C-478B-AB0A-90BCD5A45774}.Debug|x64.ActiveCfg = Debug|Any CPU
		{229CD362-597C-478B-AB0A-90BCD5A45774}.Debug|x64.Build.0 = Debug|Any CPU
		{229CD362-597C-478B-AB0A-90BCD5A45774}.Debug|x86.ActiveCfg = Debug|Any CPU
		{229CD362-597C-478B-AB0A-90BCD5A45774}.Debug|x86.Build.0 = Debug|Any CPU
		{229CD362-597C-478B-AB0A-90BCD5A45774}.Release|Any CPU.ActiveCfg = Release|Any CPU
		{229CD362-597C-478B-AB0A-90BCD5A45774}.Release|Any CPU.Build.0 = Release|Any CPU
		{229CD362-597C-478B-AB0A-90BCD5A45774}.Release|x64.ActiveCfg = Release|Any CPU
		{229CD362-597C-478B-AB0A-90BCD5A45774}.Release|x64.Build.0 = Release|Any CPU
		{229CD362-597C-478B-AB0A-90BCD5A45774}.Release|x86.ActiveCfg = Release|Any CPU
		{229CD362-597C-478B-AB0A-90BCD5A45774}.Release|x86.Build.0 = Release|Any CPU
		{DED84B85-2CE0-44BF-A63B-AED2CC9735F9}.Debug|Any CPU.ActiveCfg = Debug|Any CPU
		{DED84B85-2CE0-44BF-A63B-AED2CC9735F9}.Debug|Any CPU.Build.0 = Debug|Any CPU
		{DED84B85-2CE0-44BF-A63B-AED2CC9735F9}.Debug|x64.ActiveCfg = Debug|Any CPU
		{DED84B85-2CE0-44BF-A63B-AED2CC9735F9}.Debug|x64.Build.0 = Debug|Any CPU
		{DED84B85-2CE0-44BF-A63B-AED2CC9735F9}.Debug|x86.ActiveCfg = Debug|Any CPU
		{DED84B85-2CE0-44BF-A63B-AED2CC9735F9}.Debug|x86.Build.0 = Debug|Any CPU
		{DED84B85-2CE0-44BF-A63B-AED2CC9735F9}.Release|Any CPU.ActiveCfg = Release|Any CPU
		{DED84B85-2CE0-44BF-A63B-AED2CC9735F9}.Release|Any CPU.Build.0 = Release|Any CPU
		{DED84B85-2CE0-44BF-A63B-AED2CC9735F9}.Release|x64.ActiveCfg = Release|Any CPU
		{DED84B85-2CE0-44BF-A63B-AED2CC9735F9}.Release|x64.Build.0 = Release|Any CPU
		{DED84B85-2CE0-44BF-A63B-AED2CC9735F9}.Release|x86.ActiveCfg = Release|Any CPU
		{DED84B85-2CE0-44BF-A63B-AED2CC9735F9}.Release|x86.Build.0 = Release|Any CPU
		{1F5CD4B5-AADF-4E70-898A-E022201169AB}.Debug|Any CPU.ActiveCfg = Debug|Any CPU
		{1F5CD4B5-AADF-4E70-898A-E022201169AB}.Debug|Any CPU.Build.0 = Debug|Any CPU
		{1F5CD4B5-AADF-4E70-898A-E022201169AB}.Debug|x64.ActiveCfg = Debug|Any CPU
		{1F5CD4B5-AADF-4E70-898A-E022201169AB}.Debug|x64.Build.0 = Debug|Any CPU
		{1F5CD4B5-AADF-4E70-898A-E022201169AB}.Debug|x86.ActiveCfg = Debug|Any CPU
		{1F5CD4B5-AADF-4E70-898A-E022201169AB}.Debug|x86.Build.0 = Debug|Any CPU
		{1F5CD4B5-AADF-4E70-898A-E022201169AB}.Release|Any CPU.ActiveCfg = Release|Any CPU
		{1F5CD4B5-AADF-4E70-898A-E022201169AB}.Release|Any CPU.Build.0 = Release|Any CPU
		{1F5CD4B5-AADF-4E70-898A-E022201169AB}.Release|x64.ActiveCfg = Release|Any CPU
		{1F5CD4B5-AADF-4E70-898A-E022201169AB}.Release|x64.Build.0 = Release|Any CPU
		{1F5CD4B5-AADF-4E70-898A-E022201169AB}.Release|x86.ActiveCfg = Release|Any CPU
		{1F5CD4B5-AADF-4E70-898A-E022201169AB}.Release|x86.Build.0 = Release|Any CPU
		{DC68ED02-8DC4-4BB3-8DA0-D2D87227B1B6}.Debug|Any CPU.ActiveCfg = Debug|Any CPU
		{DC68ED02-8DC4-4BB3-8DA0-D2D87227B1B6}.Debug|Any CPU.Build.0 = Debug|Any CPU
		{DC68ED02-8DC4-4BB3-8DA0-D2D87227B1B6}.Debug|x64.ActiveCfg = Debug|Any CPU
		{DC68ED02-8DC4-4BB3-8DA0-D2D87227B1B6}.Debug|x64.Build.0 = Debug|Any CPU
		{DC68ED02-8DC4-4BB3-8DA0-D2D87227B1B6}.Debug|x86.ActiveCfg = Debug|Any CPU
		{DC68ED02-8DC4-4BB3-8DA0-D2D87227B1B6}.Debug|x86.Build.0 = Debug|Any CPU
		{DC68ED02-8DC4-4BB3-8DA0-D2D87227B1B6}.Release|Any CPU.ActiveCfg = Release|Any CPU
		{DC68ED02-8DC4-4BB3-8DA0-D2D87227B1B6}.Release|Any CPU.Build.0 = Release|Any CPU
		{DC68ED02-8DC4-4BB3-8DA0-D2D87227B1B6}.Release|x64.ActiveCfg = Release|Any CPU
		{DC68ED02-8DC4-4BB3-8DA0-D2D87227B1B6}.Release|x64.Build.0 = Release|Any CPU
		{DC68ED02-8DC4-4BB3-8DA0-D2D87227B1B6}.Release|x86.ActiveCfg = Release|Any CPU
		{DC68ED02-8DC4-4BB3-8DA0-D2D87227B1B6}.Release|x86.Build.0 = Release|Any CPU
		{6CE51347-3974-4333-BDEE-755D98015F05}.Debug|Any CPU.ActiveCfg = Debug|Any CPU
		{6CE51347-3974-4333-BDEE-755D98015F05}.Debug|Any CPU.Build.0 = Debug|Any CPU
		{6CE51347-3974-4333-BDEE-755D98015F05}.Debug|x64.ActiveCfg = Debug|Any CPU
		{6CE51347-3974-4333-BDEE-755D98015F05}.Debug|x64.Build.0 = Debug|Any CPU
		{6CE51347-3974-4333-BDEE-755D98015F05}.Debug|x86.ActiveCfg = Debug|Any CPU
		{6CE51347-3974-4333-BDEE-755D98015F05}.Debug|x86.Build.0 = Debug|Any CPU
		{6CE51347-3974-4333-BDEE-755D98015F05}.Release|Any CPU.ActiveCfg = Release|Any CPU
		{6CE51347-3974-4333-BDEE-755D98015F05}.Release|Any CPU.Build.0 = Release|Any CPU
		{6CE51347-3974-4333-BDEE-755D98015F05}.Release|x64.ActiveCfg = Release|Any CPU
		{6CE51347-3974-4333-BDEE-755D98015F05}.Release|x64.Build.0 = Release|Any CPU
		{6CE51347-3974-4333-BDEE-755D98015F05}.Release|x86.ActiveCfg = Release|Any CPU
		{6CE51347-3974-4333-BDEE-755D98015F05}.Release|x86.Build.0 = Release|Any CPU
		{5CDDDED4-8DBE-45CD-ADB6-170A8B12EE99}.Debug|Any CPU.ActiveCfg = Debug|Any CPU
		{5CDDDED4-8DBE-45CD-ADB6-170A8B12EE99}.Debug|Any CPU.Build.0 = Debug|Any CPU
		{5CDDDED4-8DBE-45CD-ADB6-170A8B12EE99}.Debug|x64.ActiveCfg = Debug|Any CPU
		{5CDDDED4-8DBE-45CD-ADB6-170A8B12EE99}.Debug|x64.Build.0 = Debug|Any CPU
		{5CDDDED4-8DBE-45CD-ADB6-170A8B12EE99}.Debug|x86.ActiveCfg = Debug|Any CPU
		{5CDDDED4-8DBE-45CD-ADB6-170A8B12EE99}.Debug|x86.Build.0 = Debug|Any CPU
		{5CDDDED4-8DBE-45CD-ADB6-170A8B12EE99}.Release|Any CPU.ActiveCfg = Release|Any CPU
		{5CDDDED4-8DBE-45CD-ADB6-170A8B12EE99}.Release|Any CPU.Build.0 = Release|Any CPU
		{5CDDDED4-8DBE-45CD-ADB6-170A8B12EE99}.Release|x64.ActiveCfg = Release|Any CPU
		{5CDDDED4-8DBE-45CD-ADB6-170A8B12EE99}.Release|x64.Build.0 = Release|Any CPU
		{5CDDDED4-8DBE-45CD-ADB6-170A8B12EE99}.Release|x86.ActiveCfg = Release|Any CPU
		{5CDDDED4-8DBE-45CD-ADB6-170A8B12EE99}.Release|x86.Build.0 = Release|Any CPU
		{D1C05AEE-3CF9-4ADD-800B-EF1C23CE5F21}.Debug|Any CPU.ActiveCfg = Debug|Any CPU
		{D1C05AEE-3CF9-4ADD-800B-EF1C23CE5F21}.Debug|Any CPU.Build.0 = Debug|Any CPU
		{D1C05AEE-3CF9-4ADD-800B-EF1C23CE5F21}.Debug|x64.ActiveCfg = Debug|Any CPU
		{D1C05AEE-3CF9-4ADD-800B-EF1C23CE5F21}.Debug|x64.Build.0 = Debug|Any CPU
		{D1C05AEE-3CF9-4ADD-800B-EF1C23CE5F21}.Debug|x86.ActiveCfg = Debug|Any CPU
		{D1C05AEE-3CF9-4ADD-800B-EF1C23CE5F21}.Debug|x86.Build.0 = Debug|Any CPU
		{D1C05AEE-3CF9-4ADD-800B-EF1C23CE5F21}.Release|Any CPU.ActiveCfg = Release|Any CPU
		{D1C05AEE-3CF9-4ADD-800B-EF1C23CE5F21}.Release|Any CPU.Build.0 = Release|Any CPU
		{D1C05AEE-3CF9-4ADD-800B-EF1C23CE5F21}.Release|x64.ActiveCfg = Release|Any CPU
		{D1C05AEE-3CF9-4ADD-800B-EF1C23CE5F21}.Release|x64.Build.0 = Release|Any CPU
		{D1C05AEE-3CF9-4ADD-800B-EF1C23CE5F21}.Release|x86.ActiveCfg = Release|Any CPU
		{D1C05AEE-3CF9-4ADD-800B-EF1C23CE5F21}.Release|x86.Build.0 = Release|Any CPU
		{41400F44-4541-4834-8A36-6BAE799D6EEC}.Debug|Any CPU.ActiveCfg = Debug|Any CPU
		{41400F44-4541-4834-8A36-6BAE799D6EEC}.Debug|Any CPU.Build.0 = Debug|Any CPU
		{41400F44-4541-4834-8A36-6BAE799D6EEC}.Debug|x64.ActiveCfg = Debug|Any CPU
		{41400F44-4541-4834-8A36-6BAE799D6EEC}.Debug|x64.Build.0 = Debug|Any CPU
		{41400F44-4541-4834-8A36-6BAE799D6EEC}.Debug|x86.ActiveCfg = Debug|Any CPU
		{41400F44-4541-4834-8A36-6BAE799D6EEC}.Debug|x86.Build.0 = Debug|Any CPU
		{41400F44-4541-4834-8A36-6BAE799D6EEC}.Release|Any CPU.ActiveCfg = Release|Any CPU
		{41400F44-4541-4834-8A36-6BAE799D6EEC}.Release|Any CPU.Build.0 = Release|Any CPU
		{41400F44-4541-4834-8A36-6BAE799D6EEC}.Release|x64.ActiveCfg = Release|Any CPU
		{41400F44-4541-4834-8A36-6BAE799D6EEC}.Release|x64.Build.0 = Release|Any CPU
		{41400F44-4541-4834-8A36-6BAE799D6EEC}.Release|x86.ActiveCfg = Release|Any CPU
		{41400F44-4541-4834-8A36-6BAE799D6EEC}.Release|x86.Build.0 = Release|Any CPU
		{3234121F-5715-49D3-B30C-233AAA8DF706}.Debug|Any CPU.ActiveCfg = Debug|Any CPU
		{3234121F-5715-49D3-B30C-233AAA8DF706}.Debug|Any CPU.Build.0 = Debug|Any CPU
		{3234121F-5715-49D3-B30C-233AAA8DF706}.Debug|x64.ActiveCfg = Debug|Any CPU
		{3234121F-5715-49D3-B30C-233AAA8DF706}.Debug|x64.Build.0 = Debug|Any CPU
		{3234121F-5715-49D3-B30C-233AAA8DF706}.Debug|x86.ActiveCfg = Debug|Any CPU
		{3234121F-5715-49D3-B30C-233AAA8DF706}.Debug|x86.Build.0 = Debug|Any CPU
		{3234121F-5715-49D3-B30C-233AAA8DF706}.Release|Any CPU.ActiveCfg = Release|Any CPU
		{3234121F-5715-49D3-B30C-233AAA8DF706}.Release|Any CPU.Build.0 = Release|Any CPU
		{3234121F-5715-49D3-B30C-233AAA8DF706}.Release|x64.ActiveCfg = Release|Any CPU
		{3234121F-5715-49D3-B30C-233AAA8DF706}.Release|x64.Build.0 = Release|Any CPU
		{3234121F-5715-49D3-B30C-233AAA8DF706}.Release|x86.ActiveCfg = Release|Any CPU
		{3234121F-5715-49D3-B30C-233AAA8DF706}.Release|x86.Build.0 = Release|Any CPU
		{99DD3E03-7A9F-47FF-9C1A-5BFBD5B785B4}.Debug|Any CPU.ActiveCfg = Debug|Any CPU
		{99DD3E03-7A9F-47FF-9C1A-5BFBD5B785B4}.Debug|Any CPU.Build.0 = Debug|Any CPU
		{99DD3E03-7A9F-47FF-9C1A-5BFBD5B785B4}.Debug|x64.ActiveCfg = Debug|Any CPU
		{99DD3E03-7A9F-47FF-9C1A-5BFBD5B785B4}.Debug|x64.Build.0 = Debug|Any CPU
		{99DD3E03-7A9F-47FF-9C1A-5BFBD5B785B4}.Debug|x86.ActiveCfg = Debug|Any CPU
		{99DD3E03-7A9F-47FF-9C1A-5BFBD5B785B4}.Debug|x86.Build.0 = Debug|Any CPU
		{99DD3E03-7A9F-47FF-9C1A-5BFBD5B785B4}.Release|Any CPU.ActiveCfg = Release|Any CPU
		{99DD3E03-7A9F-47FF-9C1A-5BFBD5B785B4}.Release|Any CPU.Build.0 = Release|Any CPU
		{99DD3E03-7A9F-47FF-9C1A-5BFBD5B785B4}.Release|x64.ActiveCfg = Release|Any CPU
		{99DD3E03-7A9F-47FF-9C1A-5BFBD5B785B4}.Release|x64.Build.0 = Release|Any CPU
		{99DD3E03-7A9F-47FF-9C1A-5BFBD5B785B4}.Release|x86.ActiveCfg = Release|Any CPU
		{99DD3E03-7A9F-47FF-9C1A-5BFBD5B785B4}.Release|x86.Build.0 = Release|Any CPU
		{B3487992-B7BF-4134-B44D-A78A2E6E0E49}.Debug|Any CPU.ActiveCfg = Debug|Any CPU
		{B3487992-B7BF-4134-B44D-A78A2E6E0E49}.Debug|Any CPU.Build.0 = Debug|Any CPU
		{B3487992-B7BF-4134-B44D-A78A2E6E0E49}.Debug|x64.ActiveCfg = Debug|Any CPU
		{B3487992-B7BF-4134-B44D-A78A2E6E0E49}.Debug|x64.Build.0 = Debug|Any CPU
		{B3487992-B7BF-4134-B44D-A78A2E6E0E49}.Debug|x86.ActiveCfg = Debug|Any CPU
		{B3487992-B7BF-4134-B44D-A78A2E6E0E49}.Debug|x86.Build.0 = Debug|Any CPU
		{B3487992-B7BF-4134-B44D-A78A2E6E0E49}.Release|Any CPU.ActiveCfg = Release|Any CPU
		{B3487992-B7BF-4134-B44D-A78A2E6E0E49}.Release|Any CPU.Build.0 = Release|Any CPU
		{B3487992-B7BF-4134-B44D-A78A2E6E0E49}.Release|x64.ActiveCfg = Release|Any CPU
		{B3487992-B7BF-4134-B44D-A78A2E6E0E49}.Release|x64.Build.0 = Release|Any CPU
		{B3487992-B7BF-4134-B44D-A78A2E6E0E49}.Release|x86.ActiveCfg = Release|Any CPU
		{B3487992-B7BF-4134-B44D-A78A2E6E0E49}.Release|x86.Build.0 = Release|Any CPU
		{B25E547D-1765-4CCA-99D7-6F612D1CDECF}.Debug|Any CPU.ActiveCfg = Debug|Any CPU
		{B25E547D-1765-4CCA-99D7-6F612D1CDECF}.Debug|Any CPU.Build.0 = Debug|Any CPU
		{B25E547D-1765-4CCA-99D7-6F612D1CDECF}.Debug|x64.ActiveCfg = Debug|Any CPU
		{B25E547D-1765-4CCA-99D7-6F612D1CDECF}.Debug|x64.Build.0 = Debug|Any CPU
		{B25E547D-1765-4CCA-99D7-6F612D1CDECF}.Debug|x86.ActiveCfg = Debug|Any CPU
		{B25E547D-1765-4CCA-99D7-6F612D1CDECF}.Debug|x86.Build.0 = Debug|Any CPU
		{B25E547D-1765-4CCA-99D7-6F612D1CDECF}.Release|Any CPU.ActiveCfg = Release|Any CPU
		{B25E547D-1765-4CCA-99D7-6F612D1CDECF}.Release|Any CPU.Build.0 = Release|Any CPU
		{B25E547D-1765-4CCA-99D7-6F612D1CDECF}.Release|x64.ActiveCfg = Release|Any CPU
		{B25E547D-1765-4CCA-99D7-6F612D1CDECF}.Release|x64.Build.0 = Release|Any CPU
		{B25E547D-1765-4CCA-99D7-6F612D1CDECF}.Release|x86.ActiveCfg = Release|Any CPU
		{B25E547D-1765-4CCA-99D7-6F612D1CDECF}.Release|x86.Build.0 = Release|Any CPU
		{E5750EA9-8390-4AC1-87D2-9E42A2BF96E2}.Debug|Any CPU.ActiveCfg = Debug|Any CPU
		{E5750EA9-8390-4AC1-87D2-9E42A2BF96E2}.Debug|Any CPU.Build.0 = Debug|Any CPU
		{E5750EA9-8390-4AC1-87D2-9E42A2BF96E2}.Debug|x64.ActiveCfg = Debug|Any CPU
		{E5750EA9-8390-4AC1-87D2-9E42A2BF96E2}.Debug|x64.Build.0 = Debug|Any CPU
		{E5750EA9-8390-4AC1-87D2-9E42A2BF96E2}.Debug|x86.ActiveCfg = Debug|Any CPU
		{E5750EA9-8390-4AC1-87D2-9E42A2BF96E2}.Debug|x86.Build.0 = Debug|Any CPU
		{E5750EA9-8390-4AC1-87D2-9E42A2BF96E2}.Release|Any CPU.ActiveCfg = Release|Any CPU
		{E5750EA9-8390-4AC1-87D2-9E42A2BF96E2}.Release|Any CPU.Build.0 = Release|Any CPU
		{E5750EA9-8390-4AC1-87D2-9E42A2BF96E2}.Release|x64.ActiveCfg = Release|Any CPU
		{E5750EA9-8390-4AC1-87D2-9E42A2BF96E2}.Release|x64.Build.0 = Release|Any CPU
		{E5750EA9-8390-4AC1-87D2-9E42A2BF96E2}.Release|x86.ActiveCfg = Release|Any CPU
		{E5750EA9-8390-4AC1-87D2-9E42A2BF96E2}.Release|x86.Build.0 = Release|Any CPU
		{AD2C988B-FC78-47DD-B94B-0FF50CACDE49}.Debug|Any CPU.ActiveCfg = Debug|Any CPU
		{AD2C988B-FC78-47DD-B94B-0FF50CACDE49}.Debug|Any CPU.Build.0 = Debug|Any CPU
		{AD2C988B-FC78-47DD-B94B-0FF50CACDE49}.Debug|x64.ActiveCfg = Debug|Any CPU
		{AD2C988B-FC78-47DD-B94B-0FF50CACDE49}.Debug|x64.Build.0 = Debug|Any CPU
		{AD2C988B-FC78-47DD-B94B-0FF50CACDE49}.Debug|x86.ActiveCfg = Debug|Any CPU
		{AD2C988B-FC78-47DD-B94B-0FF50CACDE49}.Debug|x86.Build.0 = Debug|Any CPU
		{AD2C988B-FC78-47DD-B94B-0FF50CACDE49}.Release|Any CPU.ActiveCfg = Release|Any CPU
		{AD2C988B-FC78-47DD-B94B-0FF50CACDE49}.Release|Any CPU.Build.0 = Release|Any CPU
		{AD2C988B-FC78-47DD-B94B-0FF50CACDE49}.Release|x64.ActiveCfg = Release|Any CPU
		{AD2C988B-FC78-47DD-B94B-0FF50CACDE49}.Release|x64.Build.0 = Release|Any CPU
		{AD2C988B-FC78-47DD-B94B-0FF50CACDE49}.Release|x86.ActiveCfg = Release|Any CPU
		{AD2C988B-FC78-47DD-B94B-0FF50CACDE49}.Release|x86.Build.0 = Release|Any CPU
		{46B5A5AB-7860-456A-B1FF-7BB275FAFAAF}.Debug|Any CPU.ActiveCfg = Debug|Any CPU
		{46B5A5AB-7860-456A-B1FF-7BB275FAFAAF}.Debug|Any CPU.Build.0 = Debug|Any CPU
		{46B5A5AB-7860-456A-B1FF-7BB275FAFAAF}.Debug|x64.ActiveCfg = Debug|Any CPU
		{46B5A5AB-7860-456A-B1FF-7BB275FAFAAF}.Debug|x64.Build.0 = Debug|Any CPU
		{46B5A5AB-7860-456A-B1FF-7BB275FAFAAF}.Debug|x86.ActiveCfg = Debug|Any CPU
		{46B5A5AB-7860-456A-B1FF-7BB275FAFAAF}.Debug|x86.Build.0 = Debug|Any CPU
		{46B5A5AB-7860-456A-B1FF-7BB275FAFAAF}.Release|Any CPU.ActiveCfg = Release|Any CPU
		{46B5A5AB-7860-456A-B1FF-7BB275FAFAAF}.Release|Any CPU.Build.0 = Release|Any CPU
		{46B5A5AB-7860-456A-B1FF-7BB275FAFAAF}.Release|x64.ActiveCfg = Release|Any CPU
		{46B5A5AB-7860-456A-B1FF-7BB275FAFAAF}.Release|x64.Build.0 = Release|Any CPU
		{46B5A5AB-7860-456A-B1FF-7BB275FAFAAF}.Release|x86.ActiveCfg = Release|Any CPU
		{46B5A5AB-7860-456A-B1FF-7BB275FAFAAF}.Release|x86.Build.0 = Release|Any CPU
		{962D96BD-853D-4B72-8C31-5175FD4D5115}.Debug|Any CPU.ActiveCfg = Debug|Any CPU
		{962D96BD-853D-4B72-8C31-5175FD4D5115}.Debug|Any CPU.Build.0 = Debug|Any CPU
		{962D96BD-853D-4B72-8C31-5175FD4D5115}.Debug|x64.ActiveCfg = Debug|Any CPU
		{962D96BD-853D-4B72-8C31-5175FD4D5115}.Debug|x64.Build.0 = Debug|Any CPU
		{962D96BD-853D-4B72-8C31-5175FD4D5115}.Debug|x86.ActiveCfg = Debug|Any CPU
		{962D96BD-853D-4B72-8C31-5175FD4D5115}.Debug|x86.Build.0 = Debug|Any CPU
		{962D96BD-853D-4B72-8C31-5175FD4D5115}.Release|Any CPU.ActiveCfg = Release|Any CPU
		{962D96BD-853D-4B72-8C31-5175FD4D5115}.Release|Any CPU.Build.0 = Release|Any CPU
		{962D96BD-853D-4B72-8C31-5175FD4D5115}.Release|x64.ActiveCfg = Release|Any CPU
		{962D96BD-853D-4B72-8C31-5175FD4D5115}.Release|x64.Build.0 = Release|Any CPU
		{962D96BD-853D-4B72-8C31-5175FD4D5115}.Release|x86.ActiveCfg = Release|Any CPU
		{962D96BD-853D-4B72-8C31-5175FD4D5115}.Release|x86.Build.0 = Release|Any CPU
	EndGlobalSection
	GlobalSection(SolutionProperties) = preSolution
		HideSolutionNode = FALSE
	EndGlobalSection
EndGlobal
